
Microsoft Visual Studio Solution File, Format Version 12.00
# Visual Studio Version 16
VisualStudioVersion = 16.0.30104.148
MinimumVisualStudioVersion = 10.0.40219.1
Project("{FAE04EC0-301F-11D3-BF4B-00C04F79EFBC}") = "Ruby", "Ruby\Ruby.csproj", "{C0C696E2-1F84-4405-BBE8-9A0F1566DF12}"
EndProject
Global
	GlobalSection(SolutionConfigurationPlatforms) = preSolution
		Debug|Any CPU = Debug|Any CPU
		Release|Any CPU = Release|Any CPU
	EndGlobalSection
	GlobalSection(ProjectConfigurationPlatforms) = postSolution
		{C0C696E2-1F84-4405-BBE8-9A0F1566DF12}.Debug|Any CPU.ActiveCfg = Debug|Any CPU
		{C0C696E2-1F84-4405-BBE8-9A0F1566DF12}.Debug|Any CPU.Build.0 = Debug|Any CPU
		{C0C696E2-1F84-4405-BBE8-9A0F1566DF12}.Release|Any CPU.ActiveCfg = Release|Any CPU
		{C0C696E2-1F84-4405-BBE8-9A0F1566DF12}.Release|Any CPU.Build.0 = Release|Any CPU
	EndGlobalSection
	GlobalSection(SolutionProperties) = preSolution
		HideSolutionNode = FALSE
	EndGlobalSection
	GlobalSection(ExtensibilityGlobals) = postSolution
		SolutionGuid = {1275DCD9-C17A-48EF-A12F-FAF0A33ECBF5}
	EndGlobalSection
EndGlobal
